
Microsoft Visual Studio Solution File, Format Version 12.00
# Visual Studio Version 16
VisualStudioVersion = 16.0.30011.22
MinimumVisualStudioVersion = 10.0.40219.1
Project("{FAE04EC0-301F-11D3-BF4B-00C04F79EFBC}") = "5.1", "ConsoleApp1\5.1.csproj", "{E2D65319-9A71-45E6-A9DE-66036D84539D}"
EndProject
Global
	GlobalSection(SolutionConfigurationPlatforms) = preSolution
		Debug|Any CPU = Debug|Any CPU
		Release|Any CPU = Release|Any CPU
	EndGlobalSection
	GlobalSection(ProjectConfigurationPlatforms) = postSolution
		{E2D65319-9A71-45E6-A9DE-66036D84539D}.Debug|Any CPU.ActiveCfg = Debug|Any CPU
		{E2D65319-9A71-45E6-A9DE-66036D84539D}.Debug|Any CPU.Build.0 = Debug|Any CPU
		{E2D65319-9A71-45E6-A9DE-66036D84539D}.Release|Any CPU.ActiveCfg = Release|Any CPU
		{E2D65319-9A71-45E6-A9DE-66036D84539D}.Release|Any CPU.Build.0 = Release|Any CPU
	EndGlobalSection
	GlobalSection(SolutionProperties) = preSolution
		HideSolutionNode = FALSE
	EndGlobalSection
	GlobalSection(ExtensibilityGlobals) = postSolution
		SolutionGuid = {2E187E36-71D3-499E-8AF3-2A27DBE18671}
	EndGlobalSection
EndGlobal
